
Microsoft Visual Studio Solution File, Format Version 12.00
# Visual Studio Version 17
VisualStudioVersion = 17.11.35312.102
MinimumVisualStudioVersion = 10.0.40219.1
Project("{FAE04EC0-301F-11D3-BF4B-00C04F79EFBC}") = "NET-1MD", "NET-1MD\NET-1MD.csproj", "{7088B8B3-C45D-4AAE-90FF-83A631EBE93A}"
EndProject
Project("{FAE04EC0-301F-11D3-BF4B-00C04F79EFBC}") = "NET2MDversion5", "NET2MDversion5\NET2MDversion5.csproj", "{896AFF55-AC76-4D0D-BD67-9D210E1B10FC}"
	ProjectSection(ProjectDependencies) = postProject
		{7088B8B3-C45D-4AAE-90FF-83A631EBE93A} = {7088B8B3-C45D-4AAE-90FF-83A631EBE93A}
	EndProjectSection
EndProject
Global
	GlobalSection(SolutionConfigurationPlatforms) = preSolution
		Debug|Any CPU = Debug|Any CPU
		Release|Any CPU = Release|Any CPU
	EndGlobalSection
	GlobalSection(ProjectConfigurationPlatforms) = postSolution
		{7088B8B3-C45D-4AAE-90FF-83A631EBE93A}.Debug|Any CPU.ActiveCfg = Debug|Any CPU
		{7088B8B3-C45D-4AAE-90FF-83A631EBE93A}.Debug|Any CPU.Build.0 = Debug|Any CPU
		{7088B8B3-C45D-4AAE-90FF-83A631EBE93A}.Release|Any CPU.ActiveCfg = Release|Any CPU
		{7088B8B3-C45D-4AAE-90FF-83A631EBE93A}.Release|Any CPU.Build.0 = Release|Any CPU
		{896AFF55-AC76-4D0D-BD67-9D210E1B10FC}.Debug|Any CPU.ActiveCfg = Debug|Any CPU
		{896AFF55-AC76-4D0D-BD67-9D210E1B10FC}.Debug|Any CPU.Build.0 = Debug|Any CPU
		{896AFF55-AC76-4D0D-BD67-9D210E1B10FC}.Debug|Any CPU.Deploy.0 = Debug|Any CPU
		{896AFF55-AC76-4D0D-BD67-9D210E1B10FC}.Release|Any CPU.ActiveCfg = Release|Any CPU
		{896AFF55-AC76-4D0D-BD67-9D210E1B10FC}.Release|Any CPU.Build.0 = Release|Any CPU
		{896AFF55-AC76-4D0D-BD67-9D210E1B10FC}.Release|Any CPU.Deploy.0 = Release|Any CPU
	EndGlobalSection
	GlobalSection(SolutionProperties) = preSolution
		HideSolutionNode = FALSE
	EndGlobalSection
	GlobalSection(ExtensibilityGlobals) = postSolution
		SolutionGuid = {0E4BC8F5-9058-4CF7-8CF0-D4A42C004D60}
	EndGlobalSection
EndGlobal
